
Microsoft Visual Studio Solution File, Format Version 12.00
# Visual Studio Version 17
VisualStudioVersion = 17.11.35219.272
MinimumVisualStudioVersion = 10.0.40219.1
Project("{FAE04EC0-301F-11D3-BF4B-00C04F79EFBC}") = "Menu", "Menu\Menu.csproj", "{51771B76-9767-40C6-BD82-F55BDDE1CE99}"
EndProject
Global
	GlobalSection(SolutionConfigurationPlatforms) = preSolution
		Debug|Any CPU = Debug|Any CPU
		Release|Any CPU = Release|Any CPU
	EndGlobalSection
	GlobalSection(ProjectConfigurationPlatforms) = postSolution
		{51771B76-9767-40C6-BD82-F55BDDE1CE99}.Debug|Any CPU.ActiveCfg = Debug|Any CPU
		{51771B76-9767-40C6-BD82-F55BDDE1CE99}.Debug|Any CPU.Build.0 = Debug|Any CPU
		{51771B76-9767-40C6-BD82-F55BDDE1CE99}.Release|Any CPU.ActiveCfg = Release|Any CPU
		{51771B76-9767-40C6-BD82-F55BDDE1CE99}.Release|Any CPU.Build.0 = Release|Any CPU
	EndGlobalSection
	GlobalSection(SolutionProperties) = preSolution
		HideSolutionNode = FALSE
	EndGlobalSection
	GlobalSection(ExtensibilityGlobals) = postSolution
		SolutionGuid = {CEF3C1E3-136F-455A-91C8-638BB893499E}
	EndGlobalSection
EndGlobal
